// !$*UTF8*$!
{
	archiveVersion = 1;
	classes = {
	};
	objectVersion = 50;
	objects = {

/* Begin PBXBuildFile section */
		3A1789AE2286EEE200B92EF2 /* CategoriesViewController.swift in Sources */ = {isa = PBXBuildFile; fileRef = 3A1789AD2286EEE200B92EF2 /* CategoriesViewController.swift */; };
		3A1789B02286F46D00B92EF2 /* CategoriesModel.swift in Sources */ = {isa = PBXBuildFile; fileRef = 3A1789AF2286F46D00B92EF2 /* CategoriesModel.swift */; };
		3A1789B22286FA1800B92EF2 /* AddAndEditCategoriesViewController.swift in Sources */ = {isa = PBXBuildFile; fileRef = 3A1789B12286FA1800B92EF2 /* AddAndEditCategoriesViewController.swift */; };
		3A67954B222D398100CBCD56 /* ItemModel.swift in Sources */ = {isa = PBXBuildFile; fileRef = 3A67954A222D398100CBCD56 /* ItemModel.swift */; };
		3A752CFF228A5F0400F31084 /* IconPickerViewController.swift in Sources */ = {isa = PBXBuildFile; fileRef = 3A752CFE228A5F0400F31084 /* IconPickerViewController.swift */; };
		3AB8E1FD2227A3BD004C45EA /* AppDelegate.swift in Sources */ = {isa = PBXBuildFile; fileRef = 3AB8E1FC2227A3BD004C45EA /* AppDelegate.swift */; };
		3AB8E1FF2227A3BD004C45EA /* CheckListViewController.swift in Sources */ = {isa = PBXBuildFile; fileRef = 3AB8E1FE2227A3BD004C45EA /* CheckListViewController.swift */; };
		3AB8E2022227A3BD004C45EA /* Main.storyboard in Resources */ = {isa = PBXBuildFile; fileRef = 3AB8E2002227A3BD004C45EA /* Main.storyboard */; };
		3AB8E2042227A3BE004C45EA /* Assets.xcassets in Resources */ = {isa = PBXBuildFile; fileRef = 3AB8E2032227A3BE004C45EA /* Assets.xcassets */; };
		3AB8E2072227A3BE004C45EA /* LaunchScreen.storyboard in Resources */ = {isa = PBXBuildFile; fileRef = 3AB8E2052227A3BE004C45EA /* LaunchScreen.storyboard */; };
		3AD113E4222E54C100EA5103 /* AddAndEditItemViewController.swift in Sources */ = {isa = PBXBuildFile; fileRef = 3AD113E3222E54C100EA5103 /* AddAndEditItemViewController.swift */; };
		3AFFF776228850CE00A39DB3 /* DataModel.swift in Sources */ = {isa = PBXBuildFile; fileRef = 3AFFF775228850CE00A39DB3 /* DataModel.swift */; };
/* End PBXBuildFile section */

/* Begin PBXFileReference section */
		3A1789AD2286EEE200B92EF2 /* CategoriesViewController.swift */ = {isa = PBXFileReference; lastKnownFileType = sourcecode.swift; path = CategoriesViewController.swift; sourceTree = "<group>"; };
		3A1789AF2286F46D00B92EF2 /* CategoriesModel.swift */ = {isa = PBXFileReference; lastKnownFileType = sourcecode.swift; path = CategoriesModel.swift; sourceTree = "<group>"; };
		3A1789B12286FA1800B92EF2 /* AddAndEditCategoriesViewController.swift */ = {isa = PBXFileReference; lastKnownFileType = sourcecode.swift; path = AddAndEditCategoriesViewController.swift; sourceTree = "<group>"; };
		3A67954A222D398100CBCD56 /* ItemModel.swift */ = {isa = PBXFileReference; lastKnownFileType = sourcecode.swift; path = ItemModel.swift; sourceTree = "<group>"; };
		3A752CFE228A5F0400F31084 /* IconPickerViewController.swift */ = {isa = PBXFileReference; lastKnownFileType = sourcecode.swift; path = IconPickerViewController.swift; sourceTree = "<group>"; };
		3AB8E1F92227A3BD004C45EA /* Checklist.app */ = {isa = PBXFileReference; explicitFileType = wrapper.application; includeInIndex = 0; path = Checklist.app; sourceTree = BUILT_PRODUCTS_DIR; };
		3AB8E1FC2227A3BD004C45EA /* AppDelegate.swift */ = {isa = PBXFileReference; lastKnownFileType = sourcecode.swift; path = AppDelegate.swift; sourceTree = "<group>"; };
		3AB8E1FE2227A3BD004C45EA /* CheckListViewController.swift */ = {isa = PBXFileReference; lastKnownFileType = sourcecode.swift; path = CheckListViewController.swift; sourceTree = "<group>"; };
		3AB8E2012227A3BD004C45EA /* Base */ = {isa = PBXFileReference; lastKnownFileType = file.storyboard; name = Base; path = Base.lproj/Main.storyboard; sourceTree = "<group>"; };
		3AB8E2032227A3BE004C45EA /* Assets.xcassets */ = {isa = PBXFileReference; lastKnownFileType = folder.assetcatalog; path = Assets.xcassets; sourceTree = "<group>"; };
		3AB8E2062227A3BE004C45EA /* Base */ = {isa = PBXFileReference; lastKnownFileType = file.storyboard; name = Base; path = Base.lproj/LaunchScreen.storyboard; sourceTree = "<group>"; };
		3AB8E2082227A3BE004C45EA /* Info.plist */ = {isa = PBXFileReference; lastKnownFileType = text.plist.xml; path = Info.plist; sourceTree = "<group>"; };
		3AD113E3222E54C100EA5103 /* AddAndEditItemViewController.swift */ = {isa = PBXFileReference; lastKnownFileType = sourcecode.swift; path = AddAndEditItemViewController.swift; sourceTree = "<group>"; };
		3AFFF775228850CE00A39DB3 /* DataModel.swift */ = {isa = PBXFileReference; lastKnownFileType = sourcecode.swift; path = DataModel.swift; sourceTree = "<group>"; };
/* End PBXFileReference section */

/* Begin PBXFrameworksBuildPhase section */
		3AB8E1F62227A3BD004C45EA /* Frameworks */ = {
			isa = PBXFrameworksBuildPhase;
			buildActionMask = 2147483647;
			files = (
			);
			runOnlyForDeploymentPostprocessing = 0;
		};
/* End PBXFrameworksBuildPhase section */

/* Begin PBXGroup section */
		3A1789B32286FA9600B92EF2 /* CheckListViewController */ = {
			isa = PBXGroup;
			children = (
				3AB8E1FE2227A3BD004C45EA /* CheckListViewController.swift */,
				3AD113E3222E54C100EA5103 /* AddAndEditItemViewController.swift */,
			);
			path = CheckListViewController;
			sourceTree = "<group>";
		};
		3A752CFC228A495600F31084 /* CategoriesViewController */ = {
			isa = PBXGroup;
			children = (
				3A1789AD2286EEE200B92EF2 /* CategoriesViewController.swift */,
				3A1789B12286FA1800B92EF2 /* AddAndEditCategoriesViewController.swift */,
			);
			path = CategoriesViewController;
			sourceTree = "<group>";
		};
		3A752CFD228A496C00F31084 /* Resources */ = {
			isa = PBXGroup;
			children = (
				3AB8E2032227A3BE004C45EA /* Assets.xcassets */,
				3AB8E2002227A3BD004C45EA /* Main.storyboard */,
				3AB8E2052227A3BE004C45EA /* LaunchScreen.storyboard */,
				3AB8E1FC2227A3BD004C45EA /* AppDelegate.swift */,
			);
			path = Resources;
			sourceTree = "<group>";
		};
		3AB8E1F02227A3BD004C45EA = {
			isa = PBXGroup;
			children = (
				3AB8E1FB2227A3BD004C45EA /* Checklist */,
				3AB8E1FA2227A3BD004C45EA /* Products */,
			);
			sourceTree = "<group>";
		};
		3AB8E1FA2227A3BD004C45EA /* Products */ = {
			isa = PBXGroup;
			children = (
				3AB8E1F92227A3BD004C45EA /* Checklist.app */,
			);
			name = Products;
			sourceTree = "<group>";
		};
		3AB8E1FB2227A3BD004C45EA /* Checklist */ = {
			isa = PBXGroup;
			children = (
				3AD113E2222E526E00EA5103 /* DataModel */,
				3A1789B32286FA9600B92EF2 /* CheckListViewController */,
				3A752CFC228A495600F31084 /* CategoriesViewController */,
				3AB8E2082227A3BE004C45EA /* Info.plist */,
				3A752CFD228A496C00F31084 /* Resources */,
				3A752CFE228A5F0400F31084 /* IconPickerViewController.swift */,
			);
			path = Checklist;
			sourceTree = "<group>";
		};
		3AD113E2222E526E00EA5103 /* DataModel */ = {
			isa = PBXGroup;
			children = (
				3A67954A222D398100CBCD56 /* ItemModel.swift */,
				3A1789AF2286F46D00B92EF2 /* CategoriesModel.swift */,
				3AFFF775228850CE00A39DB3 /* DataModel.swift */,
			);
			path = DataModel;
			sourceTree = "<group>";
		};
/* End PBXGroup section */

/* Begin PBXNativeTarget section */
		3AB8E1F82227A3BD004C45EA /* Checklist */ = {
			isa = PBXNativeTarget;
			buildConfigurationList = 3AB8E20B2227A3BE004C45EA /* Build configuration list for PBXNativeTarget "Checklist" */;
			buildPhases = (
				3AB8E1F52227A3BD004C45EA /* Sources */,
				3AB8E1F62227A3BD004C45EA /* Frameworks */,
				3AB8E1F72227A3BD004C45EA /* Resources */,
			);
			buildRules = (
			);
			dependencies = (
			);
			name = Checklist;
			productName = Checklist;
			productReference = 3AB8E1F92227A3BD004C45EA /* Checklist.app */;
			productType = "com.apple.product-type.application";
		};
/* End PBXNativeTarget section */

/* Begin PBXProject section */
		3AB8E1F12227A3BD004C45EA /* Project object */ = {
			isa = PBXProject;
			attributes = {
				LastSwiftUpdateCheck = 1010;
				LastUpgradeCheck = 1010;
				ORGANIZATIONNAME = "Phi Hoang Huy";
				TargetAttributes = {
					3AB8E1F82227A3BD004C45EA = {
						CreatedOnToolsVersion = 10.1;
						LastSwiftMigration = 1020;
					};
				};
			};
			buildConfigurationList = 3AB8E1F42227A3BD004C45EA /* Build configuration list for PBXProject "Checklist" */;
			compatibilityVersion = "Xcode 9.3";
			developmentRegion = en;
			hasScannedForEncodings = 0;
			knownRegions = (
				en,
				Base,
			);
			mainGroup = 3AB8E1F02227A3BD004C45EA;
			productRefGroup = 3AB8E1FA2227A3BD004C45EA /* Products */;
			projectDirPath = "";
			projectRoot = "";
			targets = (
				3AB8E1F82227A3BD004C45EA /* Checklist */,
			);
		};
/* End PBXProject section */

/* Begin PBXResourcesBuildPhase section */
		3AB8E1F72227A3BD004C45EA /* Resources */ = {
			isa = PBXResourcesBuildPhase;
			buildActionMask = 2147483647;
			files = (
				3AB8E2072227A3BE004C45EA /* LaunchScreen.storyboard in Resources */,
				3AB8E2042227A3BE004C45EA /* Assets.xcassets in Resources */,
				3AB8E2022227A3BD004C45EA /* Main.storyboard in Resources */,
			);
			runOnlyForDeploymentPostprocessing = 0;
		};
/* End PBXResourcesBuildPhase section */

/* Begin PBXSourcesBuildPhase section */
		3AB8E1F52227A3BD004C45EA /* Sources */ = {
			isa = PBXSourcesBuildPhase;
			buildActionMask = 2147483647;
			files = (
				3A67954B222D398100CBCD56 /* ItemModel.swift in Sources */,
				3AD113E4222E54C100EA5103 /* AddAndEditItemViewController.swift in Sources */,
				3A1789B22286FA1800B92EF2 /* AddAndEditCategoriesViewController.swift in Sources */,
				3A752CFF228A5F0400F31084 /* IconPickerViewController.swift in Sources */,
				3AB8E1FF2227A3BD004C45EA /* CheckListViewController.swift in Sources */,
				3A1789B02286F46D00B92EF2 /* CategoriesModel.swift in Sources */,
				3AFFF776228850CE00A39DB3 /* DataModel.swift in Sources */,
				3AB8E1FD2227A3BD004C45EA /* AppDelegate.swift in Sources */,
				3A1789AE2286EEE200B92EF2 /* CategoriesViewController.swift in Sources */,
			);
			runOnlyForDeploymentPostprocessing = 0;
		};
/* End PBXSourcesBuildPhase section */

/* Begin PBXVariantGroup section */
		3AB8E2002227A3BD004C45EA /* Main.storyboard */ = {
			isa = PBXVariantGroup;
			children = (
				3AB8E2012227A3BD004C45EA /* Base */,
			);
			name = Main.storyboard;
			sourceTree = "<group>";
		};
		3AB8E2052227A3BE004C45EA /* LaunchScreen.storyboard */ = {
			isa = PBXVariantGroup;
			children = (
				3AB8E2062227A3BE004C45EA /* Base */,
			);
			name = LaunchScreen.storyboard;
			sourceTree = "<group>";
		};
/* End PBXVariantGroup section */

/* Begin XCBuildConfiguration section */
		3AB8E2092227A3BE004C45EA /* Debug */ = {
			isa = XCBuildConfiguration;
			buildSettings = {
				ALWAYS_SEARCH_USER_PATHS = NO;
				CLANG_ANALYZER_NONNULL = YES;
				CLANG_ANALYZER_NUMBER_OBJECT_CONVERSION = YES_AGGRESSIVE;
				CLANG_CXX_LANGUAGE_STANDARD = "gnu++14";
				CLANG_CXX_LIBRARY = "libc++";
				CLANG_ENABLE_MODULES = YES;
				CLANG_ENABLE_OBJC_ARC = YES;
				CLANG_ENABLE_OBJC_WEAK = YES;
				CLANG_WARN_BLOCK_CAPTURE_AUTORELEASING = YES;
				CLANG_WARN_BOOL_CONVERSION = YES;
				CLANG_WARN_COMMA = YES;
				CLANG_WARN_CONSTANT_CONVERSION = YES;
				CLANG_WARN_DEPRECATED_OBJC_IMPLEMENTATIONS = YES;
				CLANG_WARN_DIRECT_OBJC_ISA_USAGE = YES_ERROR;
				CLANG_WARN_DOCUMENTATION_COMMENTS = YES;
				CLANG_WARN_EMPTY_BODY = YES;
				CLANG_WARN_ENUM_CONVERSION = YES;
				CLANG_WARN_INFINITE_RECURSION = YES;
				CLANG_WARN_INT_CONVERSION = YES;
				CLANG_WARN_NON_LITERAL_NULL_CONVERSION = YES;
				CLANG_WARN_OBJC_IMPLICIT_RETAIN_SELF = YES;
				CLANG_WARN_OBJC_LITERAL_CONVERSION = YES;
				CLANG_WARN_OBJC_ROOT_CLASS = YES_ERROR;
				CLANG_WARN_RANGE_LOOP_ANALYSIS = YES;
				CLANG_WARN_STRICT_PROTOTYPES = YES;
				CLANG_WARN_SUSPICIOUS_MOVE = YES;
				CLANG_WARN_UNGUARDED_AVAILABILITY = YES_AGGRESSIVE;
				CLANG_WARN_UNREACHABLE_CODE = YES;
				CLANG_WARN__DUPLICATE_METHOD_MATCH = YES;
				CODE_SIGN_IDENTITY = "iPhone Developer";
				COPY_PHASE_STRIP = NO;
				DEBUG_INFORMATION_FORMAT = dwarf;
				ENABLE_STRICT_OBJC_MSGSEND = YES;
				ENABLE_TESTABILITY = YES;
				GCC_C_LANGUAGE_STANDARD = gnu11;
				GCC_DYNAMIC_NO_PIC = NO;
				GCC_NO_COMMON_BLOCKS = YES;
				GCC_OPTIMIZATION_LEVEL = 0;
				GCC_PREPROCESSOR_DEFINITIONS = (
					"DEBUG=1",
					"$(inherited)",
				);
				GCC_WARN_64_TO_32_BIT_CONVERSION = YES;
				GCC_WARN_ABOUT_RETURN_TYPE = YES_ERROR;
				GCC_WARN_UNDECLARED_SELECTOR = YES;
				GCC_WARN_UNINITIALIZED_AUTOS = YES_AGGRESSIVE;
				GCC_WARN_UNUSED_FUNCTION = YES;
				GCC_WARN_UNUSED_VARIABLE = YES;
				IPHONEOS_DEPLOYMENT_TARGET = 12.1;
				MTL_ENABLE_DEBUG_INFO = INCLUDE_SOURCE;
				MTL_FAST_MATH = YES;
				ONLY_ACTIVE_ARCH = YES;
				SDKROOT = iphoneos;
				SWIFT_ACTIVE_COMPILATION_CONDITIONS = DEBUG;
				SWIFT_OPTIMIZATION_LEVEL = "-Onone";
			};
			name = Debug;
		};
		3AB8E20A2227A3BE004C45EA /* Release */ = {
			isa = XCBuildConfiguration;
			buildSettings = {
				ALWAYS_SEARCH_USER_PATHS = NO;
				CLANG_ANALYZER_NONNULL = YES;
				CLANG_ANALYZER_NUMBER_OBJECT_CONVERSION = YES_AGGRESSIVE;
				CLANG_CXX_LANGUAGE_STANDARD = "gnu++14";
				CLANG_CXX_LIBRARY = "libc++";
				CLANG_ENABLE_MODULES = YES;
				CLANG_ENABLE_OBJC_ARC = YES;
				CLANG_ENABLE_OBJC_WEAK = YES;
				CLANG_WARN_BLOCK_CAPTURE_AUTORELEASING = YES;
				CLANG_WARN_BOOL_CONVERSION = YES;
				CLANG_WARN_COMMA = YES;
				CLANG_WARN_CONSTANT_CONVERSION = YES;
				CLANG_WARN_DEPRECATED_OBJC_IMPLEMENTATIONS = YES;
				CLANG_WARN_DIRECT_OBJC_ISA_USAGE = YES_ERROR;
				CLANG_WARN_DOCUMENTATION_COMMENTS = YES;
				CLANG_WARN_EMPTY_BODY = YES;
				CLANG_WARN_ENUM_CONVERSION = YES;
				CLANG_WARN_INFINITE_RECURSION = YES;
				CLANG_WARN_INT_CONVERSION = YES;
				CLANG_WARN_NON_LITERAL_NULL_CONVERSION = YES;
				CLANG_WARN_OBJC_IMPLICIT_RETAIN_SELF = YES;
				CLANG_WARN_OBJC_LITERAL_CONVERSION = YES;
				CLANG_WARN_OBJC_ROOT_CLASS = YES_ERROR;
				CLANG_WARN_RANGE_LOOP_ANALYSIS = YES;
				CLANG_WARN_STRICT_PROTOTYPES = YES;
				CLANG_WARN_SUSPICIOUS_MOVE = YES;
				CLANG_WARN_UNGUARDED_AVAILABILITY = YES_AGGRESSIVE;
				CLANG_WARN_UNREACHABLE_CODE = YES;
				CLANG_WARN__DUPLICATE_METHOD_MATCH = YES;
				CODE_SIGN_IDENTITY = "iPhone Developer";
				COPY_PHASE_STRIP = NO;
				DEBUG_INFORMATION_FORMAT = "dwarf-with-dsym";
				ENABLE_NS_ASSERTIONS = NO;
				ENABLE_STRICT_OBJC_MSGSEND = YES;
				GCC_C_LANGUAGE_STANDARD = gnu11;
				GCC_NO_COMMON_BLOCKS = YES;
				GCC_WARN_64_TO_32_BIT_CONVERSION = YES;
				GCC_WARN_ABOUT_RETURN_TYPE = YES_ERROR;
				GCC_WARN_UNDECLARED_SELECTOR = YES;
				GCC_WARN_UNINITIALIZED_AUTOS = YES_AGGRESSIVE;
				GCC_WARN_UNUSED_FUNCTION = YES;
				GCC_WARN_UNUSED_VARIABLE = YES;
				IPHONEOS_DEPLOYMENT_TARGET = 12.1;
				MTL_ENABLE_DEBUG_INFO = NO;
				MTL_FAST_MATH = YES;
				SDKROOT = iphoneos;
				SWIFT_COMPILATION_MODE = wholemodule;
				SWIFT_OPTIMIZATION_LEVEL = "-O";
				VALIDATE_PRODUCT = YES;
			};
			name = Release;
		};
		3AB8E20C2227A3BE004C45EA /* Debug */ = {
			isa = XCBuildConfiguration;
			buildSettings = {
				ASSETCATALOG_COMPILER_APPICON_NAME = AppIcon;
				CODE_SIGN_STYLE = Automatic;
				DEVELOPMENT_TEAM = CM3X78U468;
				INFOPLIST_FILE = Checklist/Info.plist;
				LD_RUNPATH_SEARCH_PATHS = (
					"$(inherited)",
					"@executable_path/Frameworks",
				);
				PRODUCT_BUNDLE_IDENTIFIER = HoangHuyPhi.Checklist;
				PRODUCT_NAME = "$(TARGET_NAME)";
				SWIFT_VERSION = 5.0;
				TARGETED_DEVICE_FAMILY = "1,2";
			};
			name = Debug;
		};
		3AB8E20D2227A3BE004C45EA /* Release */ = {
			isa = XCBuildConfiguration;
			buildSettings = {
				ASSETCATALOG_COMPILER_APPICON_NAME = AppIcon;
				CODE_SIGN_STYLE = Automatic;
				DEVELOPMENT_TEAM = CM3X78U468;
				INFOPLIST_FILE = Checklist/Info.plist;
				LD_RUNPATH_SEARCH_PATHS = (
					"$(inherited)",
					"@executable_path/Frameworks",
				);
				PRODUCT_BUNDLE_IDENTIFIER = HoangHuyPhi.Checklist;
				PRODUCT_NAME = "$(TARGET_NAME)";
				SWIFT_VERSION = 5.0;
				TARGETED_DEVICE_FAMILY = "1,2";
			};
			name = Release;
		};
/* End XCBuildConfiguration section */

/* Begin XCConfigurationList section */
		3AB8E1F42227A3BD004C45EA /* Build configuration list for PBXProject "Checklist" */ = {
			isa = XCConfigurationList;
			buildConfigurations = (
				3AB8E2092227A3BE004C45EA /* Debug */,
				3AB8E20A2227A3BE004C45EA /* Release */,
			);
			defaultConfigurationIsVisible = 0;
			defaultConfigurationName = Release;
		};
		3AB8E20B2227A3BE004C45EA /* Build configuration list for PBXNativeTarget "Checklist" */ = {
			isa = XCConfigurationList;
			buildConfigurations = (
				3AB8E20C2227A3BE004C45EA /* Debug */,
				3AB8E20D2227A3BE004C45EA /* Release */,
			);
			defaultConfigurationIsVisible = 0;
			defaultConfigurationName = Release;
		};
/* End XCConfigurationList section */
	};
	rootObject = 3AB8E1F12227A3BD004C45EA /* Project object */;
}
